using Syncfusion.XlsIO;
using MySql.Data.MySqlClient;
//using EASendMail;
using System;
using System.Net.Mail;
using Microsoft.Office.Interop;
using System.IO;

namespace ExJobb
{
    class Program
    {
        
        static void Main(string[] args)
        {

            void listMySql()
            { 
                //Connect to my MySql server
                MySqlConnection connect = new MySqlConnection("datasource=localhost;port=3306;username=;password=");
                _ = new MySqlDataAdapter("SELECT * FROM exjobb", connect);
                connect.Open();

                Console.WriteLine("Connecting to my MySQL database");
    
                string Mysql = "SELECT CountData FROM exjobb.datastore";
                MySqlCommand Sqlcom;
                Sqlcom = new MySqlCommand(Mysql, connect);
                MySqlDataReader reader;


                FileStream ostrm;
                StreamWriter writer;
                TextWriter oldOut = Console.Out;
                try
                {
                    ostrm = new FileStream("./MysqlData.txt", FileMode.OpenOrCreate, FileAccess.Write);
                    writer = new StreamWriter(ostrm);
                }
                catch (Exception e)
                {
                    Console.WriteLine("Cannot open MysqlData.txt for writing");
                    Console.WriteLine(e.Message);
                    return;
                }

                //List everything in the database
                reader = Sqlcom.ExecuteReader();

                
                //Put everything in a txt document
                while (reader.Read())
                {
                    Console.SetOut(writer);

                    Console.WriteLine(reader[0] + "\n"); 

                    Console.SetOut(oldOut);
                 
                }
                writer.Close();
                ostrm.Close();
                Console.WriteLine("Done"); 
                reader.Close();

                //Close the connection
                connect.Close();
                Console.WriteLine("That is all");


            }

            listMySql();
            try
            {
                MailMessage mail = new MailMessage();

                //SMTP server address
                SmtpClient SmtpServer = new SmtpClient("mailout.comhem.se");
                //sender email address
                mail.From = new MailAddress(" ");
                //recipient email address
                mail.To.Add(" ");
                mail.Subject = "Test Mail from c# code";
                mail.Body = "mail with attachment, this is a test email sent from c# project, if you get this by mistake please tell me so I can fix it";

                //Put an attachment to the email, (in codes filemap)
                Attachment attachment;
                attachment = new Attachment("MysqlData.txt");
                mail.Attachments.Add(attachment);

                //If your SMTP server requires SSL/TLS connection on 25/587/465 port
                SmtpServer.Port = 25;
                bool ConnectSSLAuto = false;
                SmtpServer.EnableSsl = ConnectSSLAuto;

                SmtpServer.Send(mail);

                Console.WriteLine("email was sent successfully!");
            }
            //If anything dont work tell the error
            catch (Exception ep)
            {
                Console.WriteLine("failed to send email with the following error:");
                Console.WriteLine(ep.Message);
            }
        }
    }
}
